// !$*UTF8*$!
{
	archiveVersion = 1;
	classes = {
	};
	objectVersion = 56;
	objects = {

/* Begin PBXBuildFile section */
		02AACB292A7BDD4800C55448 /* AppDelegate.swift in Sources */ = {isa = PBXBuildFile; fileRef = 02AACB282A7BDD4800C55448 /* AppDelegate.swift */; };
		02AACB2B2A7BDD4800C55448 /* SceneDelegate.swift in Sources */ = {isa = PBXBuildFile; fileRef = 02AACB2A2A7BDD4800C55448 /* SceneDelegate.swift */; };
		02AACB2D2A7BDD4800C55448 /* FirstViewController.swift in Sources */ = {isa = PBXBuildFile; fileRef = 02AACB2C2A7BDD4800C55448 /* FirstViewController.swift */; };
		02AACB302A7BDD4800C55448 /* Main.storyboard in Resources */ = {isa = PBXBuildFile; fileRef = 02AACB2E2A7BDD4800C55448 /* Main.storyboard */; };
		02AACB322A7BDD4A00C55448 /* Assets.xcassets in Resources */ = {isa = PBXBuildFile; fileRef = 02AACB312A7BDD4A00C55448 /* Assets.xcassets */; };
		02AACB352A7BDD4A00C55448 /* LaunchScreen.storyboard in Resources */ = {isa = PBXBuildFile; fileRef = 02AACB332A7BDD4A00C55448 /* LaunchScreen.storyboard */; };
		02AACB3E2A7BDD6C00C55448 /* FirebaseAnalytics in Frameworks */ = {isa = PBXBuildFile; productRef = 02AACB3D2A7BDD6C00C55448 /* FirebaseAnalytics */; };
		02AACB402A7BDD6C00C55448 /* FirebaseAnalyticsOnDeviceConversion in Frameworks */ = {isa = PBXBuildFile; productRef = 02AACB3F2A7BDD6C00C55448 /* FirebaseAnalyticsOnDeviceConversion */; };
		02AACB422A7BDD6C00C55448 /* FirebaseAnalyticsSwift in Frameworks */ = {isa = PBXBuildFile; productRef = 02AACB412A7BDD6C00C55448 /* FirebaseAnalyticsSwift */; };
		02AACB442A7BDD6C00C55448 /* FirebaseAnalyticsWithoutAdIdSupport in Frameworks */ = {isa = PBXBuildFile; productRef = 02AACB432A7BDD6C00C55448 /* FirebaseAnalyticsWithoutAdIdSupport */; };
		02AACB462A7BDD6C00C55448 /* FirebaseCrashlytics in Frameworks */ = {isa = PBXBuildFile; productRef = 02AACB452A7BDD6C00C55448 /* FirebaseCrashlytics */; };
		02AACB482A7BDE1300C55448 /* GoogleService-Info.plist in Resources */ = {isa = PBXBuildFile; fileRef = 02AACB472A7BDE1300C55448 /* GoogleService-Info.plist */; };
		02AACB4C2A7BE0AE00C55448 /* CrashManager.swift in Sources */ = {isa = PBXBuildFile; fileRef = 02AACB4B2A7BE0AE00C55448 /* CrashManager.swift */; };
		02AACB4E2A7BE18900C55448 /* SecondViewController.swift in Sources */ = {isa = PBXBuildFile; fileRef = 02AACB4D2A7BE18900C55448 /* SecondViewController.swift */; };
		02AACB502A7BE19700C55448 /* ThirdViewController.swift in Sources */ = {isa = PBXBuildFile; fileRef = 02AACB4F2A7BE19700C55448 /* ThirdViewController.swift */; };
		02AACB522A7BE1A200C55448 /* FourthViewController.swift in Sources */ = {isa = PBXBuildFile; fileRef = 02AACB512A7BE1A200C55448 /* FourthViewController.swift */; };
		02AACB542A7BEF7C00C55448 /* CodableExtension.swift in Sources */ = {isa = PBXBuildFile; fileRef = 02AACB532A7BEF7C00C55448 /* CodableExtension.swift */; };
		02AACB562A7BEFA100C55448 /* Ogrenci.swift in Sources */ = {isa = PBXBuildFile; fileRef = 02AACB552A7BEFA100C55448 /* Ogrenci.swift */; };
/* End PBXBuildFile section */

/* Begin PBXFileReference section */
		02AACB252A7BDD4800C55448 /* MyCrash.app */ = {isa = PBXFileReference; explicitFileType = wrapper.application; includeInIndex = 0; path = MyCrash.app; sourceTree = BUILT_PRODUCTS_DIR; };
		02AACB282A7BDD4800C55448 /* AppDelegate.swift */ = {isa = PBXFileReference; lastKnownFileType = sourcecode.swift; path = AppDelegate.swift; sourceTree = "<group>"; };
		02AACB2A2A7BDD4800C55448 /* SceneDelegate.swift */ = {isa = PBXFileReference; lastKnownFileType = sourcecode.swift; path = SceneDelegate.swift; sourceTree = "<group>"; };
		02AACB2C2A7BDD4800C55448 /* FirstViewController.swift */ = {isa = PBXFileReference; lastKnownFileType = sourcecode.swift; path = FirstViewController.swift; sourceTree = "<group>"; };
		02AACB2F2A7BDD4800C55448 /* Base */ = {isa = PBXFileReference; lastKnownFileType = file.storyboard; name = Base; path = Base.lproj/Main.storyboard; sourceTree = "<group>"; };
		02AACB312A7BDD4A00C55448 /* Assets.xcassets */ = {isa = PBXFileReference; lastKnownFileType = folder.assetcatalog; path = Assets.xcassets; sourceTree = "<group>"; };
		02AACB342A7BDD4A00C55448 /* Base */ = {isa = PBXFileReference; lastKnownFileType = file.storyboard; name = Base; path = Base.lproj/LaunchScreen.storyboard; sourceTree = "<group>"; };
		02AACB362A7BDD4A00C55448 /* Info.plist */ = {isa = PBXFileReference; lastKnownFileType = text.plist.xml; path = Info.plist; sourceTree = "<group>"; };
		02AACB472A7BDE1300C55448 /* GoogleService-Info.plist */ = {isa = PBXFileReference; fileEncoding = 4; lastKnownFileType = text.plist.xml; path = "GoogleService-Info.plist"; sourceTree = "<group>"; };
		02AACB4B2A7BE0AE00C55448 /* CrashManager.swift */ = {isa = PBXFileReference; lastKnownFileType = sourcecode.swift; path = CrashManager.swift; sourceTree = "<group>"; };
		02AACB4D2A7BE18900C55448 /* SecondViewController.swift */ = {isa = PBXFileReference; lastKnownFileType = sourcecode.swift; path = SecondViewController.swift; sourceTree = "<group>"; };
		02AACB4F2A7BE19700C55448 /* ThirdViewController.swift */ = {isa = PBXFileReference; lastKnownFileType = sourcecode.swift; path = ThirdViewController.swift; sourceTree = "<group>"; };
		02AACB512A7BE1A200C55448 /* FourthViewController.swift */ = {isa = PBXFileReference; lastKnownFileType = sourcecode.swift; path = FourthViewController.swift; sourceTree = "<group>"; };
		02AACB532A7BEF7C00C55448 /* CodableExtension.swift */ = {isa = PBXFileReference; lastKnownFileType = sourcecode.swift; path = CodableExtension.swift; sourceTree = "<group>"; };
		02AACB552A7BEFA100C55448 /* Ogrenci.swift */ = {isa = PBXFileReference; lastKnownFileType = sourcecode.swift; path = Ogrenci.swift; sourceTree = "<group>"; };
/* End PBXFileReference section */

/* Begin PBXFrameworksBuildPhase section */
		02AACB222A7BDD4800C55448 /* Frameworks */ = {
			isa = PBXFrameworksBuildPhase;
			buildActionMask = 2147483647;
			files = (
				02AACB422A7BDD6C00C55448 /* FirebaseAnalyticsSwift in Frameworks */,
				02AACB3E2A7BDD6C00C55448 /* FirebaseAnalytics in Frameworks */,
				02AACB462A7BDD6C00C55448 /* FirebaseCrashlytics in Frameworks */,
				02AACB402A7BDD6C00C55448 /* FirebaseAnalyticsOnDeviceConversion in Frameworks */,
				02AACB442A7BDD6C00C55448 /* FirebaseAnalyticsWithoutAdIdSupport in Frameworks */,
			);
			runOnlyForDeploymentPostprocessing = 0;
		};
/* End PBXFrameworksBuildPhase section */

/* Begin PBXGroup section */
		02AACB1C2A7BDD4800C55448 = {
			isa = PBXGroup;
			children = (
				02AACB272A7BDD4800C55448 /* MyCrash */,
				02AACB262A7BDD4800C55448 /* Products */,
			);
			sourceTree = "<group>";
		};
		02AACB262A7BDD4800C55448 /* Products */ = {
			isa = PBXGroup;
			children = (
				02AACB252A7BDD4800C55448 /* MyCrash.app */,
			);
			name = Products;
			sourceTree = "<group>";
		};
		02AACB272A7BDD4800C55448 /* MyCrash */ = {
			isa = PBXGroup;
			children = (
				02AACB282A7BDD4800C55448 /* AppDelegate.swift */,
				02AACB2A2A7BDD4800C55448 /* SceneDelegate.swift */,
				02AACB2E2A7BDD4800C55448 /* Main.storyboard */,
				02AACB312A7BDD4A00C55448 /* Assets.xcassets */,
				02AACB332A7BDD4A00C55448 /* LaunchScreen.storyboard */,
				02AACB362A7BDD4A00C55448 /* Info.plist */,
				02AACB472A7BDE1300C55448 /* GoogleService-Info.plist */,
				02AACB4B2A7BE0AE00C55448 /* CrashManager.swift */,
				02AACB2C2A7BDD4800C55448 /* FirstViewController.swift */,
				02AACB4D2A7BE18900C55448 /* SecondViewController.swift */,
				02AACB4F2A7BE19700C55448 /* ThirdViewController.swift */,
				02AACB512A7BE1A200C55448 /* FourthViewController.swift */,
				02AACB532A7BEF7C00C55448 /* CodableExtension.swift */,
				02AACB552A7BEFA100C55448 /* Ogrenci.swift */,
			);
			path = MyCrash;
			sourceTree = "<group>";
		};
/* End PBXGroup section */

/* Begin PBXNativeTarget section */
		02AACB242A7BDD4800C55448 /* MyCrash */ = {
			isa = PBXNativeTarget;
			buildConfigurationList = 02AACB392A7BDD4A00C55448 /* Build configuration list for PBXNativeTarget "MyCrash" */;
			buildPhases = (
				02AACB212A7BDD4800C55448 /* Sources */,
				02AACB222A7BDD4800C55448 /* Frameworks */,
				02AACB232A7BDD4800C55448 /* Resources */,
				02AACB4A2A7BDF9C00C55448 /* ShellScript */,
			);
			buildRules = (
			);
			dependencies = (
			);
			name = MyCrash;
			packageProductDependencies = (
				02AACB3D2A7BDD6C00C55448 /* FirebaseAnalytics */,
				02AACB3F2A7BDD6C00C55448 /* FirebaseAnalyticsOnDeviceConversion */,
				02AACB412A7BDD6C00C55448 /* FirebaseAnalyticsSwift */,
				02AACB432A7BDD6C00C55448 /* FirebaseAnalyticsWithoutAdIdSupport */,
				02AACB452A7BDD6C00C55448 /* FirebaseCrashlytics */,
			);
			productName = MyCrash;
			productReference = 02AACB252A7BDD4800C55448 /* MyCrash.app */;
			productType = "com.apple.product-type.application";
		};
/* End PBXNativeTarget section */

/* Begin PBXProject section */
		02AACB1D2A7BDD4800C55448 /* Project object */ = {
			isa = PBXProject;
			attributes = {
				BuildIndependentTargetsInParallel = 1;
				LastSwiftUpdateCheck = 1420;
				LastUpgradeCheck = 1420;
				TargetAttributes = {
					02AACB242A7BDD4800C55448 = {
						CreatedOnToolsVersion = 14.2;
					};
				};
			};
			buildConfigurationList = 02AACB202A7BDD4800C55448 /* Build configuration list for PBXProject "MyCrash" */;
			compatibilityVersion = "Xcode 14.0";
			developmentRegion = en;
			hasScannedForEncodings = 0;
			knownRegions = (
				en,
				Base,
			);
			mainGroup = 02AACB1C2A7BDD4800C55448;
			packageReferences = (
				02AACB3C2A7BDD6C00C55448 /* XCRemoteSwiftPackageReference "firebase-ios-sdk" */,
			);
			productRefGroup = 02AACB262A7BDD4800C55448 /* Products */;
			projectDirPath = "";
			projectRoot = "";
			targets = (
				02AACB242A7BDD4800C55448 /* MyCrash */,
			);
		};
/* End PBXProject section */

/* Begin PBXResourcesBuildPhase section */
		02AACB232A7BDD4800C55448 /* Resources */ = {
			isa = PBXResourcesBuildPhase;
			buildActionMask = 2147483647;
			files = (
				02AACB352A7BDD4A00C55448 /* LaunchScreen.storyboard in Resources */,
				02AACB482A7BDE1300C55448 /* GoogleService-Info.plist in Resources */,
				02AACB322A7BDD4A00C55448 /* Assets.xcassets in Resources */,
				02AACB302A7BDD4800C55448 /* Main.storyboard in Resources */,
			);
			runOnlyForDeploymentPostprocessing = 0;
		};
/* End PBXResourcesBuildPhase section */

/* Begin PBXShellScriptBuildPhase section */
		02AACB4A2A7BDF9C00C55448 /* ShellScript */ = {
			isa = PBXShellScriptBuildPhase;
			buildActionMask = 2147483647;
			files = (
			);
			inputFileListPaths = (
			);
			inputPaths = (
				"${DWARF_DSYM_FOLDER_PATH}/${DWARF_DSYM_FILE_NAME}",
				"${DWARF_DSYM_FOLDER_PATH}/${DWARF_DSYM_FILE_NAME}/Contents/Resources/DWARF/${PRODUCT_NAME}",
				"${DWARF_DSYM_FOLDER_PATH}/${DWARF_DSYM_FILE_NAME}/Contents/Info.plist",
				"$(BUILT_PRODUCTS_DIR)/$(UNLOCALIZED_RESOURCES_FOLDER_PATH)/GoogleService-Info.plist",
				"$(BUILT_PRODUCTS_DIR)/$(EXECUTABLE_PATH)",
			);
			outputFileListPaths = (
			);
			outputPaths = (
			);
			runOnlyForDeploymentPostprocessing = 0;
			shellPath = /bin/sh;
			shellScript = "# Type a script or drag a script file from your workspace to insert its path.\n\"${BUILD_DIR%/Build/*}/SourcePackages/checkouts/firebase-ios-sdk/Crashlytics/run\"\n";
		};
/* End PBXShellScriptBuildPhase section */

/* Begin PBXSourcesBuildPhase section */
		02AACB212A7BDD4800C55448 /* Sources */ = {
			isa = PBXSourcesBuildPhase;
			buildActionMask = 2147483647;
			files = (
				02AACB542A7BEF7C00C55448 /* CodableExtension.swift in Sources */,
				02AACB2D2A7BDD4800C55448 /* FirstViewController.swift in Sources */,
				02AACB4C2A7BE0AE00C55448 /* CrashManager.swift in Sources */,
				02AACB292A7BDD4800C55448 /* AppDelegate.swift in Sources */,
				02AACB522A7BE1A200C55448 /* FourthViewController.swift in Sources */,
				02AACB4E2A7BE18900C55448 /* SecondViewController.swift in Sources */,
				02AACB502A7BE19700C55448 /* ThirdViewController.swift in Sources */,
				02AACB2B2A7BDD4800C55448 /* SceneDelegate.swift in Sources */,
				02AACB562A7BEFA100C55448 /* Ogrenci.swift in Sources */,
			);
			runOnlyForDeploymentPostprocessing = 0;
		};
/* End PBXSourcesBuildPhase section */

/* Begin PBXVariantGroup section */
		02AACB2E2A7BDD4800C55448 /* Main.storyboard */ = {
			isa = PBXVariantGroup;
			children = (
				02AACB2F2A7BDD4800C55448 /* Base */,
			);
			name = Main.storyboard;
			sourceTree = "<group>";
		};
		02AACB332A7BDD4A00C55448 /* LaunchScreen.storyboard */ = {
			isa = PBXVariantGroup;
			children = (
				02AACB342A7BDD4A00C55448 /* Base */,
			);
			name = LaunchScreen.storyboard;
			sourceTree = "<group>";
		};
/* End PBXVariantGroup section */

/* Begin XCBuildConfiguration section */
		02AACB372A7BDD4A00C55448 /* Debug */ = {
			isa = XCBuildConfiguration;
			buildSettings = {
				ALWAYS_SEARCH_USER_PATHS = NO;
				CLANG_ANALYZER_NONNULL = YES;
				CLANG_ANALYZER_NUMBER_OBJECT_CONVERSION = YES_AGGRESSIVE;
				CLANG_CXX_LANGUAGE_STANDARD = "gnu++20";
				CLANG_ENABLE_MODULES = YES;
				CLANG_ENABLE_OBJC_ARC = YES;
				CLANG_ENABLE_OBJC_WEAK = YES;
				CLANG_WARN_BLOCK_CAPTURE_AUTORELEASING = YES;
				CLANG_WARN_BOOL_CONVERSION = YES;
				CLANG_WARN_COMMA = YES;
				CLANG_WARN_CONSTANT_CONVERSION = YES;
				CLANG_WARN_DEPRECATED_OBJC_IMPLEMENTATIONS = YES;
				CLANG_WARN_DIRECT_OBJC_ISA_USAGE = YES_ERROR;
				CLANG_WARN_DOCUMENTATION_COMMENTS = YES;
				CLANG_WARN_EMPTY_BODY = YES;
				CLANG_WARN_ENUM_CONVERSION = YES;
				CLANG_WARN_INFINITE_RECURSION = YES;
				CLANG_WARN_INT_CONVERSION = YES;
				CLANG_WARN_NON_LITERAL_NULL_CONVERSION = YES;
				CLANG_WARN_OBJC_IMPLICIT_RETAIN_SELF = YES;
				CLANG_WARN_OBJC_LITERAL_CONVERSION = YES;
				CLANG_WARN_OBJC_ROOT_CLASS = YES_ERROR;
				CLANG_WARN_QUOTED_INCLUDE_IN_FRAMEWORK_HEADER = YES;
				CLANG_WARN_RANGE_LOOP_ANALYSIS = YES;
				CLANG_WARN_STRICT_PROTOTYPES = YES;
				CLANG_WARN_SUSPICIOUS_MOVE = YES;
				CLANG_WARN_UNGUARDED_AVAILABILITY = YES_AGGRESSIVE;
				CLANG_WARN_UNREACHABLE_CODE = YES;
				CLANG_WARN__DUPLICATE_METHOD_MATCH = YES;
				COPY_PHASE_STRIP = NO;
				DEBUG_INFORMATION_FORMAT = "dwarf-with-dsym";
				ENABLE_STRICT_OBJC_MSGSEND = YES;
				ENABLE_TESTABILITY = YES;
				GCC_C_LANGUAGE_STANDARD = gnu11;
				GCC_DYNAMIC_NO_PIC = NO;
				GCC_NO_COMMON_BLOCKS = YES;
				GCC_OPTIMIZATION_LEVEL = 0;
				GCC_PREPROCESSOR_DEFINITIONS = (
					"DEBUG=1",
					"$(inherited)",
				);
				GCC_WARN_64_TO_32_BIT_CONVERSION = YES;
				GCC_WARN_ABOUT_RETURN_TYPE = YES_ERROR;
				GCC_WARN_UNDECLARED_SELECTOR = YES;
				GCC_WARN_UNINITIALIZED_AUTOS = YES_AGGRESSIVE;
				GCC_WARN_UNUSED_FUNCTION = YES;
				GCC_WARN_UNUSED_VARIABLE = YES;
				IPHONEOS_DEPLOYMENT_TARGET = 16.2;
				MTL_ENABLE_DEBUG_INFO = INCLUDE_SOURCE;
				MTL_FAST_MATH = YES;
				ONLY_ACTIVE_ARCH = YES;
				SDKROOT = iphoneos;
				SWIFT_ACTIVE_COMPILATION_CONDITIONS = DEBUG;
				SWIFT_OPTIMIZATION_LEVEL = "-Onone";
			};
			name = Debug;
		};
		02AACB382A7BDD4A00C55448 /* Release */ = {
			isa = XCBuildConfiguration;
			buildSettings = {
				ALWAYS_SEARCH_USER_PATHS = NO;
				CLANG_ANALYZER_NONNULL = YES;
				CLANG_ANALYZER_NUMBER_OBJECT_CONVERSION = YES_AGGRESSIVE;
				CLANG_CXX_LANGUAGE_STANDARD = "gnu++20";
				CLANG_ENABLE_MODULES = YES;
				CLANG_ENABLE_OBJC_ARC = YES;
				CLANG_ENABLE_OBJC_WEAK = YES;
				CLANG_WARN_BLOCK_CAPTURE_AUTORELEASING = YES;
				CLANG_WARN_BOOL_CONVERSION = YES;
				CLANG_WARN_COMMA = YES;
				CLANG_WARN_CONSTANT_CONVERSION = YES;
				CLANG_WARN_DEPRECATED_OBJC_IMPLEMENTATIONS = YES;
				CLANG_WARN_DIRECT_OBJC_ISA_USAGE = YES_ERROR;
				CLANG_WARN_DOCUMENTATION_COMMENTS = YES;
				CLANG_WARN_EMPTY_BODY = YES;
				CLANG_WARN_ENUM_CONVERSION = YES;
				CLANG_WARN_INFINITE_RECURSION = YES;
				CLANG_WARN_INT_CONVERSION = YES;
				CLANG_WARN_NON_LITERAL_NULL_CONVERSION = YES;
				CLANG_WARN_OBJC_IMPLICIT_RETAIN_SELF = YES;
				CLANG_WARN_OBJC_LITERAL_CONVERSION = YES;
				CLANG_WARN_OBJC_ROOT_CLASS = YES_ERROR;
				CLANG_WARN_QUOTED_INCLUDE_IN_FRAMEWORK_HEADER = YES;
				CLANG_WARN_RANGE_LOOP_ANALYSIS = YES;
				CLANG_WARN_STRICT_PROTOTYPES = YES;
				CLANG_WARN_SUSPICIOUS_MOVE = YES;
				CLANG_WARN_UNGUARDED_AVAILABILITY = YES_AGGRESSIVE;
				CLANG_WARN_UNREACHABLE_CODE = YES;
				CLANG_WARN__DUPLICATE_METHOD_MATCH = YES;
				COPY_PHASE_STRIP = NO;
				DEBUG_INFORMATION_FORMAT = "dwarf-with-dsym";
				ENABLE_NS_ASSERTIONS = NO;
				ENABLE_STRICT_OBJC_MSGSEND = YES;
				GCC_C_LANGUAGE_STANDARD = gnu11;
				GCC_NO_COMMON_BLOCKS = YES;
				GCC_WARN_64_TO_32_BIT_CONVERSION = YES;
				GCC_WARN_ABOUT_RETURN_TYPE = YES_ERROR;
				GCC_WARN_UNDECLARED_SELECTOR = YES;
				GCC_WARN_UNINITIALIZED_AUTOS = YES_AGGRESSIVE;
				GCC_WARN_UNUSED_FUNCTION = YES;
				GCC_WARN_UNUSED_VARIABLE = YES;
				IPHONEOS_DEPLOYMENT_TARGET = 16.2;
				MTL_ENABLE_DEBUG_INFO = NO;
				MTL_FAST_MATH = YES;
				SDKROOT = iphoneos;
				SWIFT_COMPILATION_MODE = wholemodule;
				SWIFT_OPTIMIZATION_LEVEL = "-O";
				VALIDATE_PRODUCT = YES;
			};
			name = Release;
		};
		02AACB3A2A7BDD4A00C55448 /* Debug */ = {
			isa = XCBuildConfiguration;
			buildSettings = {
				ASSETCATALOG_COMPILER_APPICON_NAME = AppIcon;
				ASSETCATALOG_COMPILER_GLOBAL_ACCENT_COLOR_NAME = AccentColor;
				CODE_SIGN_STYLE = Automatic;
				CURRENT_PROJECT_VERSION = 1;
				DEVELOPMENT_TEAM = H45HF84T2B;
				GENERATE_INFOPLIST_FILE = YES;
				INFOPLIST_FILE = MyCrash/Info.plist;
				INFOPLIST_KEY_UIApplicationSupportsIndirectInputEvents = YES;
				INFOPLIST_KEY_UILaunchStoryboardName = LaunchScreen;
				INFOPLIST_KEY_UIMainStoryboardFile = Main;
				INFOPLIST_KEY_UISupportedInterfaceOrientations_iPad = "UIInterfaceOrientationPortrait UIInterfaceOrientationPortraitUpsideDown UIInterfaceOrientationLandscapeLeft UIInterfaceOrientationLandscapeRight";
				INFOPLIST_KEY_UISupportedInterfaceOrientations_iPhone = "UIInterfaceOrientationPortrait UIInterfaceOrientationLandscapeLeft UIInterfaceOrientationLandscapeRight";
				LD_RUNPATH_SEARCH_PATHS = (
					"$(inherited)",
					"@executable_path/Frameworks",
				);
				MARKETING_VERSION = 1.0;
				PRODUCT_BUNDLE_IDENTIFIER = com.shaKarakaya.MyCrash;
				PRODUCT_NAME = "$(TARGET_NAME)";
				SWIFT_EMIT_LOC_STRINGS = YES;
				SWIFT_VERSION = 5.0;
				TARGETED_DEVICE_FAMILY = "1,2";
			};
			name = Debug;
		};
		02AACB3B2A7BDD4A00C55448 /* Release */ = {
			isa = XCBuildConfiguration;
			buildSettings = {
				ASSETCATALOG_COMPILER_APPICON_NAME = AppIcon;
				ASSETCATALOG_COMPILER_GLOBAL_ACCENT_COLOR_NAME = AccentColor;
				CODE_SIGN_STYLE = Automatic;
				CURRENT_PROJECT_VERSION = 1;
				DEVELOPMENT_TEAM = H45HF84T2B;
				GENERATE_INFOPLIST_FILE = YES;
				INFOPLIST_FILE = MyCrash/Info.plist;
				INFOPLIST_KEY_UIApplicationSupportsIndirectInputEvents = YES;
				INFOPLIST_KEY_UILaunchStoryboardName = LaunchScreen;
				INFOPLIST_KEY_UIMainStoryboardFile = Main;
				INFOPLIST_KEY_UISupportedInterfaceOrientations_iPad = "UIInterfaceOrientationPortrait UIInterfaceOrientationPortraitUpsideDown UIInterfaceOrientationLandscapeLeft UIInterfaceOrientationLandscapeRight";
				INFOPLIST_KEY_UISupportedInterfaceOrientations_iPhone = "UIInterfaceOrientationPortrait UIInterfaceOrientationLandscapeLeft UIInterfaceOrientationLandscapeRight";
				LD_RUNPATH_SEARCH_PATHS = (
					"$(inherited)",
					"@executable_path/Frameworks",
				);
				MARKETING_VERSION = 1.0;
				PRODUCT_BUNDLE_IDENTIFIER = com.shaKarakaya.MyCrash;
				PRODUCT_NAME = "$(TARGET_NAME)";
				SWIFT_EMIT_LOC_STRINGS = YES;
				SWIFT_VERSION = 5.0;
				TARGETED_DEVICE_FAMILY = "1,2";
			};
			name = Release;
		};
/* End XCBuildConfiguration section */

/* Begin XCConfigurationList section */
		02AACB202A7BDD4800C55448 /* Build configuration list for PBXProject "MyCrash" */ = {
			isa = XCConfigurationList;
			buildConfigurations = (
				02AACB372A7BDD4A00C55448 /* Debug */,
				02AACB382A7BDD4A00C55448 /* Release */,
			);
			defaultConfigurationIsVisible = 0;
			defaultConfigurationName = Release;
		};
		02AACB392A7BDD4A00C55448 /* Build configuration list for PBXNativeTarget "MyCrash" */ = {
			isa = XCConfigurationList;
			buildConfigurations = (
				02AACB3A2A7BDD4A00C55448 /* Debug */,
				02AACB3B2A7BDD4A00C55448 /* Release */,
			);
			defaultConfigurationIsVisible = 0;
			defaultConfigurationName = Release;
		};
/* End XCConfigurationList section */

/* Begin XCRemoteSwiftPackageReference section */
		02AACB3C2A7BDD6C00C55448 /* XCRemoteSwiftPackageReference "firebase-ios-sdk" */ = {
			isa = XCRemoteSwiftPackageReference;
			repositoryURL = "https://github.com/firebase/firebase-ios-sdk.git";
			requirement = {
				branch = master;
				kind = branch;
			};
		};
/* End XCRemoteSwiftPackageReference section */

/* Begin XCSwiftPackageProductDependency section */
		02AACB3D2A7BDD6C00C55448 /* FirebaseAnalytics */ = {
			isa = XCSwiftPackageProductDependency;
			package = 02AACB3C2A7BDD6C00C55448 /* XCRemoteSwiftPackageReference "firebase-ios-sdk" */;
			productName = FirebaseAnalytics;
		};
		02AACB3F2A7BDD6C00C55448 /* FirebaseAnalyticsOnDeviceConversion */ = {
			isa = XCSwiftPackageProductDependency;
			package = 02AACB3C2A7BDD6C00C55448 /* XCRemoteSwiftPackageReference "firebase-ios-sdk" */;
			productName = FirebaseAnalyticsOnDeviceConversion;
		};
		02AACB412A7BDD6C00C55448 /* FirebaseAnalyticsSwift */ = {
			isa = XCSwiftPackageProductDependency;
			package = 02AACB3C2A7BDD6C00C55448 /* XCRemoteSwiftPackageReference "firebase-ios-sdk" */;
			productName = FirebaseAnalyticsSwift;
		};
		02AACB432A7BDD6C00C55448 /* FirebaseAnalyticsWithoutAdIdSupport */ = {
			isa = XCSwiftPackageProductDependency;
			package = 02AACB3C2A7BDD6C00C55448 /* XCRemoteSwiftPackageReference "firebase-ios-sdk" */;
			productName = FirebaseAnalyticsWithoutAdIdSupport;
		};
		02AACB452A7BDD6C00C55448 /* FirebaseCrashlytics */ = {
			isa = XCSwiftPackageProductDependency;
			package = 02AACB3C2A7BDD6C00C55448 /* XCRemoteSwiftPackageReference "firebase-ios-sdk" */;
			productName = FirebaseCrashlytics;
		};
/* End XCSwiftPackageProductDependency section */
	};
	rootObject = 02AACB1D2A7BDD4800C55448 /* Project object */;
}
